Microsoft Visual Studio Solution File, Format Version 12.00
# Visual Studio Version 16
VisualStudioVersion = 16.0.0.0
MinimumVisualStudioVersion = 16.0.0.0
Project("{9A19103F-16F7-4668-BE54-9A1E7A4F7556}") = "Blazor_Auth0Authentication.Server", "Server\Blazor_Auth0Authentication.Server.csproj", "{51660219-C5AF-4A63-A8C5-E6FCB2D104FF}"
EndProject
Project("{9A19103F-16F7-4668-BE54-9A1E7A4F7556}") = "Blazor_Auth0Authentication.Client", "Client\Blazor_Auth0Authentication.Client.csproj", "{C73325D3-3913-4180-AE36-0CD7906CC908}"
EndProject
Project("{9A19103F-16F7-4668-BE54-9A1E7A4F7556}") = "Blazor_Auth0Authentication.Shared", "Shared\Blazor_Auth0Authentication.Shared.csproj", "{86482109-F716-469D-8758-D1BFCAD362E9}"
EndProject
Global
	GlobalSection(SolutionConfigurationPlatforms) = preSolution
		Debug|Any CPU = Debug|Any CPU
		Debug|x64 = Debug|x64
		Debug|x86 = Debug|x86
		Release|Any CPU = Release|Any CPU
		Release|x64 = Release|x64
		Release|x86 = Release|x86
	EndGlobalSection
	GlobalSection(ProjectConfigurationPlatforms) = postSolution
		{C73325D3-3913-4180-AE36-0CD7906CC908}.Debug|Any CPU.ActiveCfg = Debug|Any CPU
		{C73325D3-3913-4180-AE36-0CD7906CC908}.Debug|Any CPU.Build.0 = Debug|Any CPU
		{C73325D3-3913-4180-AE36-0CD7906CC908}.Debug|x64.ActiveCfg = Debug|Any CPU
		{C73325D3-3913-4180-AE36-0CD7906CC908}.Debug|x64.Build.0 = Debug|Any CPU
		{C73325D3-3913-4180-AE36-0CD7906CC908}.Debug|x86.ActiveCfg = Debug|Any CPU
		{C73325D3-3913-4180-AE36-0CD7906CC908}.Debug|x86.Build.0 = Debug|Any CPU
		{C73325D3-3913-4180-AE36-0CD7906CC908}.Release|Any CPU.ActiveCfg = Release|Any CPU
		{C73325D3-3913-4180-AE36-0CD7906CC908}.Release|Any CPU.Build.0 = Release|Any CPU
		{C73325D3-3913-4180-AE36-0CD7906CC908}.Release|x64.ActiveCfg = Release|Any CPU
		{C73325D3-3913-4180-AE36-0CD7906CC908}.Release|x64.Build.0 = Release|Any CPU
		{C73325D3-3913-4180-AE36-0CD7906CC908}.Release|x86.ActiveCfg = Release|Any CPU
		{C73325D3-3913-4180-AE36-0CD7906CC908}.Release|x86.Build.0 = Release|Any CPU
		{51660219-C5AF-4A63-A8C5-E6FCB2D104FF}.Debug|Any CPU.ActiveCfg = Debug|Any CPU
		{51660219-C5AF-4A63-A8C5-E6FCB2D104FF}.Debug|Any CPU.Build.0 = Debug|Any CPU
		{51660219-C5AF-4A63-A8C5-E6FCB2D104FF}.Debug|x64.ActiveCfg = Debug|Any CPU
		{51660219-C5AF-4A63-A8C5-E6FCB2D104FF}.Debug|x64.Build.0 = Debug|Any CPU
		{51660219-C5AF-4A63-A8C5-E6FCB2D104FF}.Debug|x86.ActiveCfg = Debug|Any CPU
		{51660219-C5AF-4A63-A8C5-E6FCB2D104FF}.Debug|x86.Build.0 = Debug|Any CPU
		{51660219-C5AF-4A63-A8C5-E6FCB2D104FF}.Release|Any CPU.ActiveCfg = Release|Any CPU
		{51660219-C5AF-4A63-A8C5-E6FCB2D104FF}.Release|Any CPU.Build.0 = Release|Any CPU
		{51660219-C5AF-4A63-A8C5-E6FCB2D104FF}.Release|x64.ActiveCfg = Release|Any CPU
		{51660219-C5AF-4A63-A8C5-E6FCB2D104FF}.Release|x64.Build.0 = Release|Any CPU
		{51660219-C5AF-4A63-A8C5-E6FCB2D104FF}.Release|x86.ActiveCfg = Release|Any CPU
		{51660219-C5AF-4A63-A8C5-E6FCB2D104FF}.Release|x86.Build.0 = Release|Any CPU
		{86482109-F716-469D-8758-D1BFCAD362E9}.Debug|Any CPU.ActiveCfg = Debug|Any CPU
		{86482109-F716-469D-8758-D1BFCAD362E9}.Debug|Any CPU.Build.0 = Debug|Any CPU
		{86482109-F716-469D-8758-D1BFCAD362E9}.Debug|x64.ActiveCfg = Debug|Any CPU
		{86482109-F716-469D-8758-D1BFCAD362E9}.Debug|x64.Build.0 = Debug|Any CPU
		{86482109-F716-469D-8758-D1BFCAD362E9}.Debug|x86.ActiveCfg = Debug|Any CPU
		{86482109-F716-469D-8758-D1BFCAD362E9}.Debug|x86.Build.0 = Debug|Any CPU
		{86482109-F716-469D-8758-D1BFCAD362E9}.Release|Any CPU.ActiveCfg = Release|Any CPU
		{86482109-F716-469D-8758-D1BFCAD362E9}.Release|Any CPU.Build.0 = Release|Any CPU
		{86482109-F716-469D-8758-D1BFCAD362E9}.Release|x64.ActiveCfg = Release|Any CPU
		{86482109-F716-469D-8758-D1BFCAD362E9}.Release|x64.Build.0 = Release|Any CPU
		{86482109-F716-469D-8758-D1BFCAD362E9}.Release|x86.ActiveCfg = Release|Any CPU
		{86482109-F716-469D-8758-D1BFCAD362E9}.Release|x86.Build.0 = Release|Any CPU
	EndGlobalSection
	GlobalSection(SolutionProperties) = preSolution
		HideSolutionNode = FALSE
	EndGlobalSection
	GlobalSection(ExtensibilityGlobals) = postSolution
		SolutionGuid = {2B655811-52E8-483B-9B03-CE3E9031A2F7}
	EndGlobalSection
EndGlobal